
Microsoft Visual Studio Solution File, Format Version 12.00
# Visual Studio Version 17
VisualStudioVersion = 17.6.33829.357
MinimumVisualStudioVersion = 10.0.40219.1
Project("{FAE04EC0-301F-11D3-BF4B-00C04F79EFBC}") = "PrimeFlix.Catalog.Domain", "PrimeFlix.Catalog.Domain\PrimeFlix.Catalog.Domain.csproj", "{DF6F0902-3113-4036-B0F2-4E227266CF38}"
EndProject
Project("{FAE04EC0-301F-11D3-BF4B-00C04F79EFBC}") = "PrimeFlix.Catalog.Application", "PrimeFlix.Catalog.Application\PrimeFlix.Catalog.Application.csproj", "{0E12AF02-845B-49E5-9079-145A6A354C2B}"
EndProject
Project("{FAE04EC0-301F-11D3-BF4B-00C04F79EFBC}") = "PrimeFlix.Catalog.UnitTests", "PrimeFlix.Catalog.UnitTests\PrimeFlix.Catalog.UnitTests.csproj", "{B0D67620-2344-4215-8576-4A66A800E7EE}"
EndProject
Global
	GlobalSection(SolutionConfigurationPlatforms) = preSolution
		Debug|Any CPU = Debug|Any CPU
		Release|Any CPU = Release|Any CPU
	EndGlobalSection
	GlobalSection(ProjectConfigurationPlatforms) = postSolution
		{DF6F0902-3113-4036-B0F2-4E227266CF38}.Debug|Any CPU.ActiveCfg = Debug|Any CPU
		{DF6F0902-3113-4036-B0F2-4E227266CF38}.Debug|Any CPU.Build.0 = Debug|Any CPU
		{DF6F0902-3113-4036-B0F2-4E227266CF38}.Release|Any CPU.ActiveCfg = Release|Any CPU
		{DF6F0902-3113-4036-B0F2-4E227266CF38}.Release|Any CPU.Build.0 = Release|Any CPU
		{0E12AF02-845B-49E5-9079-145A6A354C2B}.Debug|Any CPU.ActiveCfg = Debug|Any CPU
		{0E12AF02-845B-49E5-9079-145A6A354C2B}.Debug|Any CPU.Build.0 = Debug|Any CPU
		{0E12AF02-845B-49E5-9079-145A6A354C2B}.Release|Any CPU.ActiveCfg = Release|Any CPU
		{0E12AF02-845B-49E5-9079-145A6A354C2B}.Release|Any CPU.Build.0 = Release|Any CPU
		{B0D67620-2344-4215-8576-4A66A800E7EE}.Debug|Any CPU.ActiveCfg = Debug|Any CPU
		{B0D67620-2344-4215-8576-4A66A800E7EE}.Debug|Any CPU.Build.0 = Debug|Any CPU
		{B0D67620-2344-4215-8576-4A66A800E7EE}.Release|Any CPU.ActiveCfg = Release|Any CPU
		{B0D67620-2344-4215-8576-4A66A800E7EE}.Release|Any CPU.Build.0 = Release|Any CPU
	EndGlobalSection
	GlobalSection(SolutionProperties) = preSolution
		HideSolutionNode = FALSE
	EndGlobalSection
	GlobalSection(ExtensibilityGlobals) = postSolution
		SolutionGuid = {5191D79F-113C-4D06-B7BF-1B3F72489AD1}
	EndGlobalSection
EndGlobal
